
Microsoft Visual Studio Solution File, Format Version 12.00
# Visual Studio Version 16
VisualStudioVersion = 16.0.31402.337
MinimumVisualStudioVersion = 10.0.40219.1
Project("{9A19103F-16F7-4668-BE54-9A1E7A4F7556}") = "EventsCore", "EventsCore.csproj", "{4AEB9BCE-0678-452B-A208-EDA17A0D2238}"
EndProject
Global
	GlobalSection(SolutionConfigurationPlatforms) = preSolution
		Debug|Any CPU = Debug|Any CPU
		Release|Any CPU = Release|Any CPU
	EndGlobalSection
	GlobalSection(ProjectConfigurationPlatforms) = postSolution
		{4AEB9BCE-0678-452B-A208-EDA17A0D2238}.Debug|Any CPU.ActiveCfg = Debug|Any CPU
		{4AEB9BCE-0678-452B-A208-EDA17A0D2238}.Debug|Any CPU.Build.0 = Debug|Any CPU
		{4AEB9BCE-0678-452B-A208-EDA17A0D2238}.Release|Any CPU.ActiveCfg = Release|Any CPU
		{4AEB9BCE-0678-452B-A208-EDA17A0D2238}.Release|Any CPU.Build.0 = Release|Any CPU
	EndGlobalSection
	GlobalSection(SolutionProperties) = preSolution
		HideSolutionNode = FALSE
	EndGlobalSection
	GlobalSection(ExtensibilityGlobals) = postSolution
		SolutionGuid = {B02A3881-164D-4447-9176-79636124EBE8}
	EndGlobalSection
EndGlobal
